
Microsoft Visual Studio Solution File, Format Version 12.00
# Visual Studio Version 16
VisualStudioVersion = 16.0.30717.126
MinimumVisualStudioVersion = 10.0.40219.1
Project("{9A19103F-16F7-4668-BE54-9A1E7A4F7556}") = "FundooApp", "FundooApp\FundooApp.csproj", "{00E66AC5-804A-412A-A917-D687ECBBDD0E}"
EndProject
Project("{9A19103F-16F7-4668-BE54-9A1E7A4F7556}") = "FundooModel", "FundooModel\FundooModel.csproj", "{94337396-7A2F-430E-8D7E-909B9AD0E086}"
EndProject
Project("{9A19103F-16F7-4668-BE54-9A1E7A4F7556}") = "FundooRepository", "FundooRepository\FundooRepository.csproj", "{CFD34F93-FE9A-4E4B-A3DA-D1209B733C4D}"
EndProject
Project("{9A19103F-16F7-4668-BE54-9A1E7A4F7556}") = "FundooManager", "FundooManager\FundooManager.csproj", "{396788EC-7395-4CDF-A29D-757F74FDABA0}"
EndProject
Project("{FAE04EC0-301F-11D3-BF4B-00C04F79EFBC}") = "MSMQ", "MSMQ\MSMQ.csproj", "{05697357-4D87-47FB-A513-4AE23784BBC3}"
EndProject
Global
	GlobalSection(SolutionConfigurationPlatforms) = preSolution
		Debug|Any CPU = Debug|Any CPU
		Release|Any CPU = Release|Any CPU
	EndGlobalSection
	GlobalSection(ProjectConfigurationPlatforms) = postSolution
		{00E66AC5-804A-412A-A917-D687ECBBDD0E}.Debug|Any CPU.ActiveCfg = Debug|Any CPU
		{00E66AC5-804A-412A-A917-D687ECBBDD0E}.Debug|Any CPU.Build.0 = Debug|Any CPU
		{00E66AC5-804A-412A-A917-D687ECBBDD0E}.Release|Any CPU.ActiveCfg = Release|Any CPU
		{00E66AC5-804A-412A-A917-D687ECBBDD0E}.Release|Any CPU.Build.0 = Release|Any CPU
		{94337396-7A2F-430E-8D7E-909B9AD0E086}.Debug|Any CPU.ActiveCfg = Debug|Any CPU
		{94337396-7A2F-430E-8D7E-909B9AD0E086}.Debug|Any CPU.Build.0 = Debug|Any CPU
		{94337396-7A2F-430E-8D7E-909B9AD0E086}.Release|Any CPU.ActiveCfg = Release|Any CPU
		{94337396-7A2F-430E-8D7E-909B9AD0E086}.Release|Any CPU.Build.0 = Release|Any CPU
		{CFD34F93-FE9A-4E4B-A3DA-D1209B733C4D}.Debug|Any CPU.ActiveCfg = Debug|Any CPU
		{CFD34F93-FE9A-4E4B-A3DA-D1209B733C4D}.Debug|Any CPU.Build.0 = Debug|Any CPU
		{CFD34F93-FE9A-4E4B-A3DA-D1209B733C4D}.Release|Any CPU.ActiveCfg = Release|Any CPU
		{CFD34F93-FE9A-4E4B-A3DA-D1209B733C4D}.Release|Any CPU.Build.0 = Release|Any CPU
		{396788EC-7395-4CDF-A29D-757F74FDABA0}.Debug|Any CPU.ActiveCfg = Debug|Any CPU
		{396788EC-7395-4CDF-A29D-757F74FDABA0}.Debug|Any CPU.Build.0 = Debug|Any CPU
		{396788EC-7395-4CDF-A29D-757F74FDABA0}.Release|Any CPU.ActiveCfg = Release|Any CPU
		{396788EC-7395-4CDF-A29D-757F74FDABA0}.Release|Any CPU.Build.0 = Release|Any CPU
		{05697357-4D87-47FB-A513-4AE23784BBC3}.Debug|Any CPU.ActiveCfg = Debug|Any CPU
		{05697357-4D87-47FB-A513-4AE23784BBC3}.Debug|Any CPU.Build.0 = Debug|Any CPU
		{05697357-4D87-47FB-A513-4AE23784BBC3}.Release|Any CPU.ActiveCfg = Release|Any CPU
		{05697357-4D87-47FB-A513-4AE23784BBC3}.Release|Any CPU.Build.0 = Release|Any CPU
	EndGlobalSection
	GlobalSection(SolutionProperties) = preSolution
		HideSolutionNode = FALSE
	EndGlobalSection
	GlobalSection(ExtensibilityGlobals) = postSolution
		SolutionGuid = {CB70A9D0-C334-40B4-BBD1-EB5FD72DBA9A}
	EndGlobalSection
EndGlobal
