
Microsoft Visual Studio Solution File, Format Version 12.00
# Visual Studio Version 16
VisualStudioVersion = 16.0.30717.126
MinimumVisualStudioVersion = 10.0.40219.1
Project("{FAE04EC0-301F-11D3-BF4B-00C04F79EFBC}") = "FundooApp", "FundooApp\FundooApp.csproj", "{00E66AC5-804A-412A-A917-D687ECBBDD0E}"
EndProject
Global
	GlobalSection(SolutionConfigurationPlatforms) = preSolution
		Debug|Any CPU = Debug|Any CPU
		Release|Any CPU = Release|Any CPU
	EndGlobalSection
	GlobalSection(ProjectConfigurationPlatforms) = postSolution
		{00E66AC5-804A-412A-A917-D687ECBBDD0E}.Debug|Any CPU.ActiveCfg = Debug|Any CPU
		{00E66AC5-804A-412A-A917-D687ECBBDD0E}.Debug|Any CPU.Build.0 = Debug|Any CPU
		{00E66AC5-804A-412A-A917-D687ECBBDD0E}.Release|Any CPU.ActiveCfg = Release|Any CPU
		{00E66AC5-804A-412A-A917-D687ECBBDD0E}.Release|Any CPU.Build.0 = Release|Any CPU
	EndGlobalSection
	GlobalSection(SolutionProperties) = preSolution
		HideSolutionNode = FALSE
	EndGlobalSection
	GlobalSection(ExtensibilityGlobals) = postSolution
		SolutionGuid = {CB70A9D0-C334-40B4-BBD1-EB5FD72DBA9A}
	EndGlobalSection
EndGlobal
